{
  "version": "4",
  "specifiers": {
    "jsr:@std/dotenv@*": "0.225.2",
    "jsr:@std/dotenv@~0.225.2": "0.225.2",
    "npm:@skyware/jetstream@*": "0.2.0",
    "npm:@skyware/jetstream@0.2": "0.2.0",
    "npm:@skyware/labeler@*": "0.1.11_@atcute+client@2.0.3_@atcute+bluesky@1.0.7__@atcute+client@2.0.3",
    "npm:@skyware/labeler@~0.1.11": "0.1.11_@atcute+client@2.0.3_@atcute+bluesky@1.0.7__@atcute+client@2.0.3"
  },
  "jsr": {
    "@std/dotenv@0.225.2": {
      "integrity": "e2025dce4de6c7bca21dece8baddd4262b09d5187217e231b033e088e0c4dd23"
    }
  },
  "npm": {
    "@atcute/base32@1.0.0": {
      "integrity": "sha512-Mbjsv6kd/ymvDMGjCoh9eqhlpFsoJ6zYguU6xtKxqh1wGhe5rvBOfMRXsEqcp7srn8Bfp8QhevqLgmwrWvzqrA=="
    },
    "@atcute/bluesky@1.0.7_@atcute+client@2.0.3": {
      "integrity": "sha512-2jPHzl7WbcqRtcAXanJy4Lp638ujqnoGmPCPmBlmpEDP34D7EVKQqjN/mlvglb5n539dThA9xlSgIS8yOxwzDA==",
      "dependencies": [
        "@atcute/client"
      ]
    },
    "@atcute/cbor@1.0.5": {
      "integrity": "sha512-ckWn+ZErzeTgKBuklQfUpsOb5+uAtSJi68Z7+1wJMMEP7iO/V90IIlyTm+19ACuGEuY8SGrfUIWyZvBjhgCTYw==",
      "dependencies": [
        "@atcute/base32",
        "@atcute/cid"
      ]
    },
    "@atcute/cid@1.0.1": {
      "integrity": "sha512-92Cor2ruS7y+/wdFutp2qFDjJj4mTcO7HdZ/BhTQRg/nzWdAnTann5DAmYjD+IWRaXd5SYk4dOZnDt4lsGofzg==",
      "dependencies": [
        "@atcute/base32",
        "@atcute/varint"
      ]
    },
    "@atcute/client@2.0.3": {
      "integrity": "sha512-j9GryA5l+4F0BTQWa6/1XmsuSPSq+bqNCY3mrHUGD592hMqUZxgpYDLgRWL+719V287AW/56AwvFYlbjlENp7A=="
    },
    "@atcute/ozone@1.0.5_@atcute+bluesky@1.0.7__@atcute+client@2.0.3_@atcute+client@2.0.3": {
      "integrity": "sha512-53+KoRlvzinv1NUESFOHPPK2kF/CFoQc9um1xH3OPhe29x7RP3PNEBXSc53mnbsAg80dTuh83xqwTrpdJ3o33g==",
      "dependencies": [
        "@atcute/bluesky",
        "@atcute/client"
      ]
    },
    "@atcute/varint@1.0.0": {
      "integrity": "sha512-NEBOGkdaDY8cjlDg49kefIsRM7iv/4oReEnOr3bN4tF3IxBGdc6Io1NCJz1xNBNdUL+3VDG3CKHiRji91HXaTg=="
    },
    "@fastify/ajv-compiler@3.6.0_ajv@8.17.1": {
      "integrity": "sha512-LwdXQJjmMD+GwLOkP7TVC68qa+pSSogeWWmznRJ/coyTcfe9qA05AHFSe1eZFwK6q+xVRpChnvFUkf1iYaSZsQ==",
      "dependencies": [
        "ajv",
        "ajv-formats@2.1.1_ajv@8.17.1",
        "fast-uri@2.4.0"
      ]
    },
    "@fastify/error@3.4.1": {
      "integrity": "sha512-wWSvph+29GR783IhmvdwWnN4bUxTD01Vm5Xad4i7i1VuAOItLvbPAb69sb0IQ2N57yprvhNIwAP5B6xfKTmjmQ=="
    },
    "@fastify/fast-json-stringify-compiler@4.3.0": {
      "integrity": "sha512-aZAXGYo6m22Fk1zZzEUKBvut/CIIQe/BapEORnxiD5Qr0kPHqqI69NtEMCme74h+at72sPhbkb4ZrLd1W3KRLA==",
      "dependencies": [
        "fast-json-stringify"
      ]
    },
    "@fastify/merge-json-schemas@0.1.1": {
      "integrity": "sha512-fERDVz7topgNjtXsJTTW1JKLy0rhuLRcquYqNR9rF7OcVpCa2OVW49ZPDIhaRRCaUuvVxI+N416xUoF76HNSXA==",
      "dependencies": [
        "fast-deep-equal"
      ]
    },
    "@fastify/websocket@10.0.1": {
      "integrity": "sha512-8/pQIxTPRD8U94aILTeJ+2O3el/r19+Ej5z1O1mXlqplsUH7KzCjAI0sgd5DM/NoPjAi5qLFNIjgM5+9/rGSNw==",
      "dependencies": [
        "duplexify",
        "fastify-plugin",
        "ws"
      ]
    },
    "@libsql/darwin-arm64@0.4.6": {
      "integrity": "sha512-45i604CJ2Lubbg7NqtDodjarF6VgST8rS5R8xB++MoRqixtDns9PZ6tocT9pRJDWuTWEiy2sjthPOFWMKwYAsg=="
    },
    "@libsql/darwin-x64@0.4.6": {
      "integrity": "sha512-dRKliflhfr5zOPSNgNJ6C2nZDd4YA8bTXF3MUNqNkcxQ8BffaH9uUwL9kMq89LkFIZQHcyP75bBgZctxfJ/H5Q=="
    },
    "@libsql/linux-arm64-gnu@0.4.6": {
      "integrity": "sha512-DMPavVyY6vYPAYcQR1iOotHszg+5xSjHSg6F9kNecPX0KKdGq84zuPJmORfKOPtaWvzPewNFdML/e+s1fu09XQ=="
    },
    "@libsql/linux-arm64-musl@0.4.6": {
      "integrity": "sha512-whuHSYAZyclGjM3L0mKGXyWqdAy7qYvPPn+J1ve7FtGkFlM0DiIPjA5K30aWSGJSRh72sD9DBZfnu8CpfSjT6w=="
    },
    "@libsql/linux-x64-gnu@0.4.6": {
      "integrity": "sha512-0ggx+5RwEbYabIlDBBAvavdfIJCZ757u6nDZtBeQIhzW99EKbWG3lvkXHM3qudFb/pDWSUY4RFBm6vVtF1cJGA=="
    },
    "@libsql/linux-x64-musl@0.4.6": {
      "integrity": "sha512-SWNrv7Hz72QWlbM/ZsbL35MPopZavqCUmQz2HNDZ55t0F+kt8pXuP+bbI2KvmaQ7wdsoqAA4qBmjol0+bh4ndw=="
    },
    "@libsql/win32-x64-msvc@0.4.6": {
      "integrity": "sha512-Q0axn110zDNELfkEog3Nl8p9BU4eI/UvgaHevGyOiSDN7s0KPfj0j6jwVHk4oz3o/d/Gg3DRIxomZ4ftfTOy/g=="
    },
    "@neon-rs/load@0.0.4": {
      "integrity": "sha512-kTPhdZyTQxB+2wpiRcFWrDcejc4JI6tkPuS7UZCG4l6Zvc5kU/gGQ/ozvHTh1XR5tS+UlfAfGuPajjzQjCiHCw=="
    },
    "@noble/curves@1.6.0": {
      "integrity": "sha512-TlaHRXDehJuRNR9TfZDNQ45mMEd5dwUwmicsafcIX4SsNiqnCHKjE/1alYPd/lDRVhxdhUAlv8uEhMCI5zjIJQ==",
      "dependencies": [
        "@noble/hashes"
      ]
    },
    "@noble/hashes@1.5.0": {
      "integrity": "sha512-1j6kQFb7QRru7eKN3ZDvRcP13rugwdxZqCjbiAVZfIJwgj2A65UmT4TgARXGlXgnRkORLTDTrO19ZErt7+QXgA=="
    },
    "@skyware/jetstream@0.2.0": {
      "integrity": "sha512-nydEVe47fc3Cn9yLjk0Tos05pB4PYVOXno8RKlf0QguJUF48ASKx9xA4jUHqEI1dk2oHuHWoXpo9ic+RIgk6yw==",
      "dependencies": [
        "@atcute/bluesky",
        "partysocket"
      ]
    },
    "@skyware/labeler@0.1.11_@atcute+client@2.0.3_@atcute+bluesky@1.0.7__@atcute+client@2.0.3": {
      "integrity": "sha512-05eYuOswIlhSmc4X55w0NhZC0d7X2irWNVCHI42ketgp408QcFTohzlmyGEAAzUAuLSsOYdUfgC+k9wlcTZ06g==",
      "dependencies": [
        "@atcute/bluesky",
        "@atcute/cbor",
        "@atcute/client",
        "@atcute/ozone",
        "@fastify/websocket",
        "@noble/curves",
        "@noble/hashes",
        "fastify",
        "libsql",
        "prompts",
        "uint8arrays"
      ]
    },
    "abstract-logging@2.0.1": {
      "integrity": "sha512-2BjRTZxTPvheOvGbBslFSYOUkr+SjPtOnrLP33f+VIWLzezQpZcqVg7ja3L4dBXmzzgwT+a029jRx5PCi3JuiA=="
    },
    "ajv-formats@2.1.1_ajv@8.17.1": {
      "integrity": "sha512-Wx0Kx52hxE7C18hkMEggYlEifqWZtYaRgouJor+WMdPnQyEK13vgEWyVNup7SoeeoLMsr4kf5h6dOW11I15MUA==",
      "dependencies": [
        "ajv"
      ]
    },
    "ajv-formats@3.0.1_ajv@8.17.1": {
      "integrity": "sha512-8iUql50EUR+uUcdRQ3HDqa6EVyo3docL8g5WJ3FNcWmu62IbkGUue/pEyLBW8VGKKucTPgqeks4fIU1DA4yowQ==",
      "dependencies": [
        "ajv"
      ]
    },
    "ajv@8.17.1": {
      "integrity": "sha512-B/gBuNg5SiMTrPkC+A2+cW0RszwxYmn6VYxB/inlBStS5nx6xHIt/ehKRhIMhqusl7a8LjQoZnjCs5vhwxOQ1g==",
      "dependencies": [
        "fast-deep-equal",
        "fast-uri@3.0.3",
        "json-schema-traverse",
        "require-from-string"
      ]
    },
    "atomic-sleep@1.0.0": {
      "integrity": "sha512-kNOjDqAh7px0XWNI+4QbzoiR/nTkHAWNud2uvnJquD1/x5a7EQZMJT0AczqK0Qn67oY/TTQ1LbUKajZpp3I9tQ=="
    },
    "avvio@8.4.0": {
      "integrity": "sha512-CDSwaxINFy59iNwhYnkvALBwZiTydGkOecZyPkqBpABYR1KqGEsET0VOOYDwtleZSUIdeY36DC2bSZ24CO1igA==",
      "dependencies": [
        "@fastify/error",
        "fastq"
      ]
    },
    "cookie@0.7.2": {
      "integrity": "sha512-yki5XnKuf750l50uGTllt6kKILY4nQ1eNIQatoXEByZ5dWgnKqbnqmTrBE5B4N7lrMJKQ2ytWMiTO2o0v6Ew/w=="
    },
    "detect-libc@2.0.2": {
      "integrity": "sha512-UX6sGumvvqSaXgdKGUsgZWqcUyIXZ/vZTrlRT/iobiKhGL0zL4d3osHj3uqllWJK+i+sixDS/3COVEOFbupFyw=="
    },
    "duplexify@4.1.3": {
      "integrity": "sha512-M3BmBhwJRZsSx38lZyhE53Csddgzl5R7xGJNk7CVddZD6CcmwMCH8J+7AprIrQKH7TonKxaCjcv27Qmf+sQ+oA==",
      "dependencies": [
        "end-of-stream",
        "inherits",
        "readable-stream",
        "stream-shift"
      ]
    },
    "end-of-stream@1.4.4": {
      "integrity": "sha512-+uw1inIHVPQoaVuHzRyXd21icM+cnt4CzD5rW+NC1wjOUSTOs+Te7FOv7AhN7vS9x/oIyhLP5PR1H+phQAHu5Q==",
      "dependencies": [
        "once"
      ]
    },
    "event-target-shim@6.0.2": {
      "integrity": "sha512-8q3LsZjRezbFZ2PN+uP+Q7pnHUMmAOziU2vA2OwoFaKIXxlxl38IylhSSgUorWu/rf4er67w0ikBqjBFk/pomA=="
    },
    "fast-content-type-parse@1.1.0": {
      "integrity": "sha512-fBHHqSTFLVnR61C+gltJuE5GkVQMV0S2nqUO8TJ+5Z3qAKG8vAx4FKai1s5jq/inV1+sREynIWSuQ6HgoSXpDQ=="
    },
    "fast-decode-uri-component@1.0.1": {
      "integrity": "sha512-WKgKWg5eUxvRZGwW8FvfbaH7AXSh2cL+3j5fMGzUMCxWBJ3dV3a7Wz8y2f/uQ0e3B6WmodD3oS54jTQ9HVTIIg=="
    },
    "fast-deep-equal@3.1.3": {
      "integrity": "sha512-f3qQ9oQy9j2AhBe/H9VC91wLmKBCCU/gDOnKNAYG5hswO7BLKj09Hc5HYNz9cGI++xlpDCIgDaitVs03ATR84Q=="
    },
    "fast-json-stringify@5.16.1_ajv@8.17.1": {
      "integrity": "sha512-KAdnLvy1yu/XrRtP+LJnxbBGrhN+xXu+gt3EUvZhYGKCr3lFHq/7UFJHHFgmJKoqlh6B40bZLEv7w46B0mqn1g==",
      "dependencies": [
        "@fastify/merge-json-schemas",
        "ajv",
        "ajv-formats@3.0.1_ajv@8.17.1",
        "fast-deep-equal",
        "fast-uri@2.4.0",
        "json-schema-ref-resolver",
        "rfdc"
      ]
    },
    "fast-querystring@1.1.2": {
      "integrity": "sha512-g6KuKWmFXc0fID8WWH0jit4g0AGBoJhCkJMb1RmbsSEUNvQ+ZC8D6CUZ+GtF8nMzSPXnhiePyyqqipzNNEnHjg==",
      "dependencies": [
        "fast-decode-uri-component"
      ]
    },
    "fast-redact@3.5.0": {
      "integrity": "sha512-dwsoQlS7h9hMeYUq1W++23NDcBLV4KqONnITDV9DjfS3q1SgDGVrBdvvTLUotWtPSD7asWDV9/CmsZPy8Hf70A=="
    },
    "fast-uri@2.4.0": {
      "integrity": "sha512-ypuAmmMKInk5q7XcepxlnUWDLWv4GFtaJqAzWKqn62IpQ3pejtr5dTVbt3vwqVaMKmkNR55sTT+CqUKIaT21BA=="
    },
    "fast-uri@3.0.3": {
      "integrity": "sha512-aLrHthzCjH5He4Z2H9YZ+v6Ujb9ocRuW6ZzkJQOrTxleEijANq4v1TsaPaVG1PZcuurEzrLcWRyYBYXD5cEiaw=="
    },
    "fastify-plugin@4.5.1": {
      "integrity": "sha512-stRHYGeuqpEZTL1Ef0Ovr2ltazUT9g844X5z/zEBFLG8RYlpDiOCIG+ATvYEp+/zmc7sN29mcIMp8gvYplYPIQ=="
    },
    "fastify@4.28.1": {
      "integrity": "sha512-kFWUtpNr4i7t5vY2EJPCN2KgMVpuqfU4NjnJNCgiNB900oiDeYqaNDRcAfeBbOF5hGixixxcKnOU4KN9z6QncQ==",
      "dependencies": [
        "@fastify/ajv-compiler",
        "@fastify/error",
        "@fastify/fast-json-stringify-compiler",
        "abstract-logging",
        "avvio",
        "fast-content-type-parse",
        "fast-json-stringify",
        "find-my-way",
        "light-my-request",
        "pino",
        "process-warning@3.0.0",
        "proxy-addr",
        "rfdc",
        "secure-json-parse",
        "semver",
        "toad-cache"
      ]
    },
    "fastq@1.17.1": {
      "integrity": "sha512-sRVD3lWVIXWg6By68ZN7vho9a1pQcN/WBFaAAsDDFzlJjvoGx0P8z7V1t72grFJfJhu3YPZBuu25f7Kaw2jN1w==",
      "dependencies": [
        "reusify"
      ]
    },
    "find-my-way@8.2.2": {
      "integrity": "sha512-Dobi7gcTEq8yszimcfp/R7+owiT4WncAJ7VTTgFH1jYJ5GaG1FbhjwDG820hptN0QDFvzVY3RfCzdInvGPGzjA==",
      "dependencies": [
        "fast-deep-equal",
        "fast-querystring",
        "safe-regex2"
      ]
    },
    "forwarded@0.2.0": {
      "integrity": "sha512-buRG0fpBtRHSTCOASe6hD258tEubFoRLb4ZNA6NxMVHNw2gOcwHo9wyablzMzOA5z9xA9L1KNjk/Nt6MT9aYow=="
    },
    "inherits@2.0.4": {
      "integrity": "sha512-k/vGaX4/Yla3WzyMCvTQOXYeIHvqOKtnqBduzTHpzpQZzAskKMhZ2K+EnBiSM9zGSoIFeMpXKxa4dYeZIQqewQ=="
    },
    "ipaddr.js@1.9.1": {
      "integrity": "sha512-0KI/607xoxSToH7GjN1FfSbLoU0+btTicjsQSWQlh/hZykN8KpmMf7uYwPW3R+akZ6R/w18ZlXSHBYXiYUPO3g=="
    },
    "json-schema-ref-resolver@1.0.1": {
      "integrity": "sha512-EJAj1pgHc1hxF6vo2Z3s69fMjO1INq6eGHXZ8Z6wCQeldCuwxGK9Sxf4/cScGn3FZubCVUehfWtcDM/PLteCQw==",
      "dependencies": [
        "fast-deep-equal"
      ]
    },
    "json-schema-traverse@1.0.0": {
      "integrity": "sha512-NM8/P9n3XjXhIZn1lLhkFaACTOURQXjWhV4BA/RnOv8xvgqtqpAX9IO4mRQxSx1Rlo4tqzeqb0sOlruaOy3dug=="
    },
    "kleur@3.0.3": {
      "integrity": "sha512-eTIzlVOSUR+JxdDFepEYcBMtZ9Qqdef+rnzWdRZuMbOywu5tO2w2N7rqjoANZ5k9vywhL6Br1VRjUIgTQx4E8w=="
    },
    "libsql@0.4.6": {
      "integrity": "sha512-F5M+ltteK6dCcpjMahrkgT96uFJvVI8aQ4r9f2AzHQjC7BkAYtvfMSTWGvRBezRgMUIU2h1Sy0pF9nOGOD5iyA==",
      "dependencies": [
        "@libsql/darwin-arm64",
        "@libsql/darwin-x64",
        "@libsql/linux-arm64-gnu",
        "@libsql/linux-arm64-musl",
        "@libsql/linux-x64-gnu",
        "@libsql/linux-x64-musl",
        "@libsql/win32-x64-msvc",
        "@neon-rs/load",
        "detect-libc"
      ]
    },
    "light-my-request@5.14.0": {
      "integrity": "sha512-aORPWntbpH5esaYpGOOmri0OHDOe3wC5M2MQxZ9dvMLZm6DnaAn0kJlcbU9hwsQgLzmZyReKwFwwPkR+nHu5kA==",
      "dependencies": [
        "cookie",
        "process-warning@3.0.0",
        "set-cookie-parser"
      ]
    },
    "multiformats@13.3.0": {
      "integrity": "sha512-CBiqvsufgmpo01VT5ze94O+uc+Pbf6f/sThlvWss0sBZmAOu6GQn5usrYV2sf2mr17FWYc0rO8c/CNe2T90QAA=="
    },
    "on-exit-leak-free@2.1.2": {
      "integrity": "sha512-0eJJY6hXLGf1udHwfNftBqH+g73EU4B504nZeKpz1sYRKafAghwxEJunB2O7rDZkL4PGfsMVnTXZ2EjibbqcsA=="
    },
    "once@1.4.0": {
      "integrity": "sha512-lNaJgI+2Q5URQBkccEKHTQOPaXdUxnZZElQTZY0MFUAuaEqe1E+Nyvgdz/aIyNi6Z9MzO5dv1H8n58/GELp3+w==",
      "dependencies": [
        "wrappy"
      ]
    },
    "partysocket@1.0.2": {
      "integrity": "sha512-rAFOUKImaq+VBk2B+2RTBsWEvlnarEP53nchoUHzpVs8V6fG2/estihOTslTQUWHVuHEKDL5k8htG8K3TngyFA==",
      "dependencies": [
        "event-target-shim"
      ]
    },
    "pino-abstract-transport@2.0.0": {
      "integrity": "sha512-F63x5tizV6WCh4R6RHyi2Ml+M70DNRXt/+HANowMflpgGFMAym/VKm6G7ZOQRjqN7XbGxK1Lg9t6ZrtzOaivMw==",
      "dependencies": [
        "split2"
      ]
    },
    "pino-std-serializers@7.0.0": {
      "integrity": "sha512-e906FRY0+tV27iq4juKzSYPbUj2do2X2JX4EzSca1631EB2QJQUqGbDuERal7LCtOpxl6x3+nvo9NPZcmjkiFA=="
    },
    "pino@9.5.0": {
      "integrity": "sha512-xSEmD4pLnV54t0NOUN16yCl7RIB1c5UUOse5HSyEXtBp+FgFQyPeDutc+Q2ZO7/22vImV7VfEjH/1zV2QuqvYw==",
      "dependencies": [
        "atomic-sleep",
        "fast-redact",
        "on-exit-leak-free",
        "pino-abstract-transport",
        "pino-std-serializers",
        "process-warning@4.0.0",
        "quick-format-unescaped",
        "real-require",
        "safe-stable-stringify",
        "sonic-boom",
        "thread-stream"
      ]
    },
    "process-warning@3.0.0": {
      "integrity": "sha512-mqn0kFRl0EoqhnL0GQ0veqFHyIN1yig9RHh/InzORTUiZHFRAur+aMtRkELNwGs9aNwKS6tg/An4NYBPGwvtzQ=="
    },
    "process-warning@4.0.0": {
      "integrity": "sha512-/MyYDxttz7DfGMMHiysAsFE4qF+pQYAA8ziO/3NcRVrQ5fSk+Mns4QZA/oRPFzvcqNoVJXQNWNAsdwBXLUkQKw=="
    },
    "prompts@2.4.2": {
      "integrity": "sha512-NxNv/kLguCA7p3jE8oL2aEBsrJWgAakBpgmgK6lpPWV+WuOmY6r2/zbAVnP+T8bQlA0nzHXSJSJW0Hq7ylaD2Q==",
      "dependencies": [
        "kleur",
        "sisteransi"
      ]
    },
    "proxy-addr@2.0.7": {
      "integrity": "sha512-llQsMLSUDUPT44jdrU/O37qlnifitDP+ZwrmmZcoSKyLKvtZxpyV0n2/bD/N4tBAAZ/gJEdZU7KMraoK1+XYAg==",
      "dependencies": [
        "forwarded",
        "ipaddr.js"
      ]
    },
    "quick-format-unescaped@4.0.4": {
      "integrity": "sha512-tYC1Q1hgyRuHgloV/YXs2w15unPVh8qfu/qCTfhTYamaw7fyhumKa2yGpdSo87vY32rIclj+4fWYQXUMs9EHvg=="
    },
    "readable-stream@3.6.2": {
      "integrity": "sha512-9u/sniCrY3D5WdsERHzHE4G2YCXqoG5FTHUiCC4SIbr6XcLZBY05ya9EKjYek9O5xOAwjGq+1JdGBAS7Q9ScoA==",
      "dependencies": [
        "inherits",
        "string_decoder",
        "util-deprecate"
      ]
    },
    "real-require@0.2.0": {
      "integrity": "sha512-57frrGM/OCTLqLOAh0mhVA9VBMHd+9U7Zb2THMGdBUoZVOtGbJzjxsYGDJ3A9AYYCP4hn6y1TVbaOfzWtm5GFg=="
    },
    "require-from-string@2.0.2": {
      "integrity": "sha512-Xf0nWe6RseziFMu+Ap9biiUbmplq6S9/p+7w7YXP/JBHhrUDDUhwa+vANyubuqfZWTveU//DYVGsDG7RKL/vEw=="
    },
    "ret@0.4.3": {
      "integrity": "sha512-0f4Memo5QP7WQyUEAYUO3esD/XjOc3Zjjg5CPsAq1p8sIu0XPeMbHJemKA0BO7tV0X7+A0FoEpbmHXWxPyD3wQ=="
    },
    "reusify@1.0.4": {
      "integrity": "sha512-U9nH88a3fc/ekCF1l0/UP1IosiuIjyTh7hBvXVMHYgVcfGvt897Xguj2UOLDeI5BG2m7/uwyaLVT6fbtCwTyzw=="
    },
    "rfdc@1.4.1": {
      "integrity": "sha512-q1b3N5QkRUWUl7iyylaaj3kOpIT0N2i9MqIEQXP73GVsN9cw3fdx8X63cEmWhJGi2PPCF23Ijp7ktmd39rawIA=="
    },
    "safe-buffer@5.2.1": {
      "integrity": "sha512-rp3So07KcdmmKbGvgaNxQSJr7bGVSVk5S9Eq1F+ppbRo70+YeaDxkw5Dd8NPN+GD6bjnYm2VuPuCXmpuYvmCXQ=="
    },
    "safe-regex2@3.1.0": {
      "integrity": "sha512-RAAZAGbap2kBfbVhvmnTFv73NWLMvDGOITFYTZBAaY8eR+Ir4ef7Up/e7amo+y1+AH+3PtLkrt9mvcTsG9LXug==",
      "dependencies": [
        "ret"
      ]
    },
    "safe-stable-stringify@2.5.0": {
      "integrity": "sha512-b3rppTKm9T+PsVCBEOUR46GWI7fdOs00VKZ1+9c1EWDaDMvjQc6tUwuFyIprgGgTcWoVHSKrU8H31ZHA2e0RHA=="
    },
    "secure-json-parse@2.7.0": {
      "integrity": "sha512-6aU+Rwsezw7VR8/nyvKTx8QpWH9FrcYiXXlqC4z5d5XQBDRqtbfsRjnwGyqbi3gddNtWHuEk9OANUotL26qKUw=="
    },
    "semver@7.6.3": {
      "integrity": "sha512-oVekP1cKtI+CTDvHWYFUcMtsK/00wmAEfyqKfNdARm8u1wNVhSgaX7A8d4UuIlUI5e84iEwOhs7ZPYRmzU9U6A=="
    },
    "set-cookie-parser@2.7.1": {
      "integrity": "sha512-IOc8uWeOZgnb3ptbCURJWNjWUPcO3ZnTTdzsurqERrP6nPyv+paC55vJM0LpOlT2ne+Ix+9+CRG1MNLlyZ4GjQ=="
    },
    "sisteransi@1.0.5": {
      "integrity": "sha512-bLGGlR1QxBcynn2d5YmDX4MGjlZvy2MRBDRNHLJ8VI6l6+9FUiyTFNJ0IveOSP0bcXgVDPRcfGqA0pjaqUpfVg=="
    },
    "sonic-boom@4.2.0": {
      "integrity": "sha512-INb7TM37/mAcsGmc9hyyI6+QR3rR1zVRu36B0NeGXKnOOLiZOfER5SA+N7X7k3yUYRzLWafduTDvJAfDswwEww==",
      "dependencies": [
        "atomic-sleep"
      ]
    },
    "split2@4.2.0": {
      "integrity": "sha512-UcjcJOWknrNkF6PLX83qcHM6KHgVKNkV62Y8a5uYDVv9ydGQVwAHMKqHdJje1VTWpljG0WYpCDhrCdAOYH4TWg=="
    },
    "stream-shift@1.0.3": {
      "integrity": "sha512-76ORR0DO1o1hlKwTbi/DM3EXWGf3ZJYO8cXX5RJwnul2DEg2oyoZyjLNoQM8WsvZiFKCRfC1O0J7iCvie3RZmQ=="
    },
    "string_decoder@1.3.0": {
      "integrity": "sha512-hkRX8U1WjJFd8LsDJ2yQ/wWWxaopEsABU1XfkM8A+j0+85JAGppt16cr1Whg6KIbb4okU6Mql6BOj+uup/wKeA==",
      "dependencies": [
        "safe-buffer"
      ]
    },
    "thread-stream@3.1.0": {
      "integrity": "sha512-OqyPZ9u96VohAyMfJykzmivOrY2wfMSf3C5TtFJVgN+Hm6aj+voFhlK+kZEIv2FBh1X6Xp3DlnCOfEQ3B2J86A==",
      "dependencies": [
        "real-require"
      ]
    },
    "toad-cache@3.7.0": {
      "integrity": "sha512-/m8M+2BJUpoJdgAHoG+baCwBT+tf2VraSfkBgl0Y00qIWt41DJ8R5B8nsEw0I58YwF5IZH6z24/2TobDKnqSWw=="
    },
    "uint8arrays@5.1.0": {
      "integrity": "sha512-vA6nFepEmlSKkMBnLBaUMVvAC4G3CTmO58C12y4sq6WPDOR7mOFYOi7GlrQ4djeSbP6JG9Pv9tJDM97PedRSww==",
      "dependencies": [
        "multiformats"
      ]
    },
    "util-deprecate@1.0.2": {
      "integrity": "sha512-EPD5q1uXyFxJpCrLnCc1nHnq3gOa6DZBocAIiI2TaSCA7VCJ1UJDMagCzIkXNsUYfD1daK//LTEQ8xiIbrHtcw=="
    },
    "wrappy@1.0.2": {
      "integrity": "sha512-l4Sp/DRseor9wL6EvV2+TuQn63dMkPjZ/sp9XkghTEbV9KlPS1xUsZ3u7/IQO4wxtcFB4bgpQPRcR3QCvezPcQ=="
    },
    "ws@8.18.0": {
      "integrity": "sha512-8VbfWfHLbbwu3+N6OKsOMpBdT4kXPDDB9cJk2bJ6mh9ucxdlnNvH1e+roYkKmN9Nxw2yjz7VzeO9oOz2zJ04Pw=="
    }
  },
  "workspace": {
    "dependencies": [
      "jsr:@std/dotenv@~0.225.2",
      "npm:@skyware/jetstream@0.2",
      "npm:@skyware/labeler@~0.1.11"
    ]
  }
}
